// !$*UTF8*$!
{
	archiveVersion = 1;
	classes = {
	};
	objectVersion = 46;
	objects = {

/* Begin PBXBuildFile section */
		4B07B6D01B6083D000533C3F /* WKInterfaceControllerExtension.swift in Sources */ = {isa = PBXBuildFile; fileRef = 4B07B6CF1B6083D000533C3F /* WKInterfaceControllerExtension.swift */; };
		4B0D8CB41B56664B00100165 /* AppDelegate.swift in Sources */ = {isa = PBXBuildFile; fileRef = 4B0D8CB31B56664B00100165 /* AppDelegate.swift */; };
		4B0D8CB61B56664B00100165 /* MemosViewController.swift in Sources */ = {isa = PBXBuildFile; fileRef = 4B0D8CB51B56664B00100165 /* MemosViewController.swift */; };
		4B0D8CB91B56664B00100165 /* Main.storyboard in Resources */ = {isa = PBXBuildFile; fileRef = 4B0D8CB71B56664B00100165 /* Main.storyboard */; };
		4B0D8CBB1B56664B00100165 /* Assets.xcassets in Resources */ = {isa = PBXBuildFile; fileRef = 4B0D8CBA1B56664B00100165 /* Assets.xcassets */; };
		4B0D8CBE1B56664B00100165 /* LaunchScreen.storyboard in Resources */ = {isa = PBXBuildFile; fileRef = 4B0D8CBC1B56664B00100165 /* LaunchScreen.storyboard */; };
		4B0D8CCE1B5757E100100165 /* MemoCell.swift in Sources */ = {isa = PBXBuildFile; fileRef = 4B0D8CCD1B5757E100100165 /* MemoCell.swift */; };
		4B0D8CD61B58915B00100165 /* AudioViewController.swift in Sources */ = {isa = PBXBuildFile; fileRef = 4B0D8CD51B58915B00100165 /* AudioViewController.swift */; };
		4B0D8CD81B58AD2000100165 /* CircleButton.swift in Sources */ = {isa = PBXBuildFile; fileRef = 4B0D8CD71B58AD2000100165 /* CircleButton.swift */; };
		4B7F5BD21B5DD52500ADBFBB /* MemoModels.swift in Sources */ = {isa = PBXBuildFile; fileRef = 4B7F5BCE1B5DD52500ADBFBB /* MemoModels.swift */; };
		4B7F5BD31B5DD52500ADBFBB /* MemoModels.swift in Sources */ = {isa = PBXBuildFile; fileRef = 4B7F5BCE1B5DD52500ADBFBB /* MemoModels.swift */; };
		4B7F5BD41B5DD52500ADBFBB /* MemoStore.swift in Sources */ = {isa = PBXBuildFile; fileRef = 4B7F5BCF1B5DD52500ADBFBB /* MemoStore.swift */; };
		4B7F5BD51B5DD52500ADBFBB /* MemoStore.swift in Sources */ = {isa = PBXBuildFile; fileRef = 4B7F5BCF1B5DD52500ADBFBB /* MemoStore.swift */; };
		4BB1DAC71B633CA1000B9EDC /* MemoFileNameHelper.swift in Sources */ = {isa = PBXBuildFile; fileRef = 4BB1DAC61B633CA1000B9EDC /* MemoFileNameHelper.swift */; };
		4BB1DAC81B633CA1000B9EDC /* MemoFileNameHelper.swift in Sources */ = {isa = PBXBuildFile; fileRef = 4BB1DAC61B633CA1000B9EDC /* MemoFileNameHelper.swift */; };
		4BF2412D1B58D1B900DE85F7 /* Interface.storyboard in Resources */ = {isa = PBXBuildFile; fileRef = 4BF2412B1B58D1B900DE85F7 /* Interface.storyboard */; };
		4BF2412F1B58D1B900DE85F7 /* Assets.xcassets in Resources */ = {isa = PBXBuildFile; fileRef = 4BF2412E1B58D1B900DE85F7 /* Assets.xcassets */; };
		4BF241361B58D1B900DE85F7 /* Turbo Memo Watch Extension.appex in Embed App Extensions */ = {isa = PBXBuildFile; fileRef = 4BF241351B58D1B900DE85F7 /* Turbo Memo Watch Extension.appex */; settings = {ATTRIBUTES = (RemoveHeadersOnCopy, ); }; };
		4BF2413B1B58D1B900DE85F7 /* InterfaceController.swift in Sources */ = {isa = PBXBuildFile; fileRef = 4BF2413A1B58D1B900DE85F7 /* InterfaceController.swift */; };
		4BF2413D1B58D1B900DE85F7 /* ExtensionDelegate.swift in Sources */ = {isa = PBXBuildFile; fileRef = 4BF2413C1B58D1B900DE85F7 /* ExtensionDelegate.swift */; };
		4BF2413F1B58D1B900DE85F7 /* Assets.xcassets in Resources */ = {isa = PBXBuildFile; fileRef = 4BF2413E1B58D1B900DE85F7 /* Assets.xcassets */; };
		4BF241431B58D1B900DE85F7 /* Turbo Memo Watch.app in Embed Watch Content */ = {isa = PBXBuildFile; fileRef = 4BF241291B58D1B900DE85F7 /* Turbo Memo Watch.app */; };
		4BF2414D1B58D2E400DE85F7 /* MemoRowController.swift in Sources */ = {isa = PBXBuildFile; fileRef = 4BF2414C1B58D2E400DE85F7 /* MemoRowController.swift */; };
		4BF241541B592D1B00DE85F7 /* NSFileManagerExtension.swift in Sources */ = {isa = PBXBuildFile; fileRef = 4BF241531B592D1B00DE85F7 /* NSFileManagerExtension.swift */; };
		4BF241551B592D1B00DE85F7 /* NSFileManagerExtension.swift in Sources */ = {isa = PBXBuildFile; fileRef = 4BF241531B592D1B00DE85F7 /* NSFileManagerExtension.swift */; };
		61C06BF41BB979E2000E56B7 /* AudioPlayerInterfaceController.swift in Sources */ = {isa = PBXBuildFile; fileRef = 61C06BF31BB979E2000E56B7 /* AudioPlayerInterfaceController.swift */; };
		61EB135D1B57EC91008F1B77 /* UIColorExtension.swift in Sources */ = {isa = PBXBuildFile; fileRef = 61EB135C1B57EC91008F1B77 /* UIColorExtension.swift */; };
/* End PBXBuildFile section */

/* Begin PBXContainerItemProxy section */
		4BF241371B58D1B900DE85F7 /* PBXContainerItemProxy */ = {
			isa = PBXContainerItemProxy;
			containerPortal = 4B0D8CA81B56664B00100165 /* Project object */;
			proxyType = 1;
			remoteGlobalIDString = 4BF241341B58D1B900DE85F7;
			remoteInfo = "Turbo Memo Watch Extension";
		};
		4BF241411B58D1B900DE85F7 /* PBXContainerItemProxy */ = {
			isa = PBXContainerItemProxy;
			containerPortal = 4B0D8CA81B56664B00100165 /* Project object */;
			proxyType = 1;
			remoteGlobalIDString = 4BF241281B58D1B900DE85F7;
			remoteInfo = "Turbo Memo Watch";
		};
/* End PBXContainerItemProxy section */

/* Begin PBXCopyFilesBuildPhase section */
		4BF241491B58D1B900DE85F7 /* Embed App Extensions */ = {
			isa = PBXCopyFilesBuildPhase;
			buildActionMask = 2147483647;
			dstPath = "";
			dstSubfolderSpec = 13;
			files = (
				4BF241361B58D1B900DE85F7 /* Turbo Memo Watch Extension.appex in Embed App Extensions */,
			);
			name = "Embed App Extensions";
			runOnlyForDeploymentPostprocessing = 0;
		};
		4BF2414B1B58D1B900DE85F7 /* Embed Watch Content */ = {
			isa = PBXCopyFilesBuildPhase;
			buildActionMask = 2147483647;
			dstPath = "$(CONTENTS_FOLDER_PATH)/Watch";
			dstSubfolderSpec = 16;
			files = (
				4BF241431B58D1B900DE85F7 /* Turbo Memo Watch.app in Embed Watch Content */,
			);
			name = "Embed Watch Content";
			runOnlyForDeploymentPostprocessing = 0;
		};
/* End PBXCopyFilesBuildPhase section */

/* Begin PBXFileReference section */
		4B07B6CF1B6083D000533C3F /* WKInterfaceControllerExtension.swift */ = {isa = PBXFileReference; fileEncoding = 4; lastKnownFileType = sourcecode.swift; path = WKInterfaceControllerExtension.swift; sourceTree = "<group>"; };
		4B0D8CB01B56664B00100165 /* Turbo Memo.app */ = {isa = PBXFileReference; explicitFileType = wrapper.application; includeInIndex = 0; path = "Turbo Memo.app"; sourceTree = BUILT_PRODUCTS_DIR; };
		4B0D8CB31B56664B00100165 /* AppDelegate.swift */ = {isa = PBXFileReference; lastKnownFileType = sourcecode.swift; path = AppDelegate.swift; sourceTree = "<group>"; };
		4B0D8CB51B56664B00100165 /* MemosViewController.swift */ = {isa = PBXFileReference; lastKnownFileType = sourcecode.swift; path = MemosViewController.swift; sourceTree = "<group>"; };
		4B0D8CB81B56664B00100165 /* Base */ = {isa = PBXFileReference; lastKnownFileType = file.storyboard; name = Base; path = Base.lproj/Main.storyboard; sourceTree = "<group>"; };
		4B0D8CBA1B56664B00100165 /* Assets.xcassets */ = {isa = PBXFileReference; lastKnownFileType = folder.assetcatalog; path = Assets.xcassets; sourceTree = "<group>"; };
		4B0D8CBD1B56664B00100165 /* Base */ = {isa = PBXFileReference; lastKnownFileType = file.storyboard; name = Base; path = Base.lproj/LaunchScreen.storyboard; sourceTree = "<group>"; };
		4B0D8CBF1B56664B00100165 /* Info.plist */ = {isa = PBXFileReference; lastKnownFileType = text.plist.xml; path = Info.plist; sourceTree = "<group>"; };
		4B0D8CCD1B5757E100100165 /* MemoCell.swift */ = {isa = PBXFileReference; fileEncoding = 4; lastKnownFileType = sourcecode.swift; path = MemoCell.swift; sourceTree = "<group>"; };
		4B0D8CD51B58915B00100165 /* AudioViewController.swift */ = {isa = PBXFileReference; fileEncoding = 4; lastKnownFileType = sourcecode.swift; path = AudioViewController.swift; sourceTree = "<group>"; };
		4B0D8CD71B58AD2000100165 /* CircleButton.swift */ = {isa = PBXFileReference; fileEncoding = 4; lastKnownFileType = sourcecode.swift; path = CircleButton.swift; sourceTree = "<group>"; };
		4B7F5BCE1B5DD52500ADBFBB /* MemoModels.swift */ = {isa = PBXFileReference; fileEncoding = 4; lastKnownFileType = sourcecode.swift; path = MemoModels.swift; sourceTree = "<group>"; };
		4B7F5BCF1B5DD52500ADBFBB /* MemoStore.swift */ = {isa = PBXFileReference; fileEncoding = 4; lastKnownFileType = sourcecode.swift; path = MemoStore.swift; sourceTree = "<group>"; };
		4BB1DAC61B633CA1000B9EDC /* MemoFileNameHelper.swift */ = {isa = PBXFileReference; fileEncoding = 4; lastKnownFileType = sourcecode.swift; path = MemoFileNameHelper.swift; sourceTree = "<group>"; };
		4BF241291B58D1B900DE85F7 /* Turbo Memo Watch.app */ = {isa = PBXFileReference; explicitFileType = wrapper.application; includeInIndex = 0; path = "Turbo Memo Watch.app"; sourceTree = BUILT_PRODUCTS_DIR; };
		4BF2412C1B58D1B900DE85F7 /* Base */ = {isa = PBXFileReference; lastKnownFileType = file.storyboard; name = Base; path = Base.lproj/Interface.storyboard; sourceTree = "<group>"; };
		4BF2412E1B58D1B900DE85F7 /* Assets.xcassets */ = {isa = PBXFileReference; lastKnownFileType = folder.assetcatalog; path = Assets.xcassets; sourceTree = "<group>"; };
		4BF241301B58D1B900DE85F7 /* Info.plist */ = {isa = PBXFileReference; lastKnownFileType = text.plist.xml; path = Info.plist; sourceTree = "<group>"; };
		4BF241351B58D1B900DE85F7 /* Turbo Memo Watch Extension.appex */ = {isa = PBXFileReference; explicitFileType = "wrapper.app-extension"; includeInIndex = 0; path = "Turbo Memo Watch Extension.appex"; sourceTree = BUILT_PRODUCTS_DIR; };
		4BF2413A1B58D1B900DE85F7 /* InterfaceController.swift */ = {isa = PBXFileReference; lastKnownFileType = sourcecode.swift; path = InterfaceController.swift; sourceTree = "<group>"; };
		4BF2413C1B58D1B900DE85F7 /* ExtensionDelegate.swift */ = {isa = PBXFileReference; lastKnownFileType = sourcecode.swift; path = ExtensionDelegate.swift; sourceTree = "<group>"; };
		4BF2413E1B58D1B900DE85F7 /* Assets.xcassets */ = {isa = PBXFileReference; lastKnownFileType = folder.assetcatalog; path = Assets.xcassets; sourceTree = "<group>"; };
		4BF241401B58D1B900DE85F7 /* Info.plist */ = {isa = PBXFileReference; lastKnownFileType = text.plist.xml; path = Info.plist; sourceTree = "<group>"; };
		4BF2414C1B58D2E400DE85F7 /* MemoRowController.swift */ = {isa = PBXFileReference; fileEncoding = 4; lastKnownFileType = sourcecode.swift; path = MemoRowController.swift; sourceTree = "<group>"; };
		4BF241531B592D1B00DE85F7 /* NSFileManagerExtension.swift */ = {isa = PBXFileReference; fileEncoding = 4; lastKnownFileType = sourcecode.swift; path = NSFileManagerExtension.swift; sourceTree = "<group>"; };
		61C06BF31BB979E2000E56B7 /* AudioPlayerInterfaceController.swift */ = {isa = PBXFileReference; fileEncoding = 4; lastKnownFileType = sourcecode.swift; path = AudioPlayerInterfaceController.swift; sourceTree = "<group>"; };
		61EB135C1B57EC91008F1B77 /* UIColorExtension.swift */ = {isa = PBXFileReference; fileEncoding = 4; lastKnownFileType = sourcecode.swift; path = UIColorExtension.swift; sourceTree = "<group>"; };
		E2F685591D0C3104004DBCD5 /* Turbo Memo Watch.entitlements */ = {isa = PBXFileReference; lastKnownFileType = text.xml; path = "Turbo Memo Watch.entitlements"; sourceTree = "<group>"; };
/* End PBXFileReference section */

/* Begin PBXFrameworksBuildPhase section */
		4B0D8CAD1B56664B00100165 /* Frameworks */ = {
			isa = PBXFrameworksBuildPhase;
			buildActionMask = 2147483647;
			files = (
			);
			runOnlyForDeploymentPostprocessing = 0;
		};
		4BF241321B58D1B900DE85F7 /* Frameworks */ = {
			isa = PBXFrameworksBuildPhase;
			buildActionMask = 2147483647;
			files = (
			);
			runOnlyForDeploymentPostprocessing = 0;
		};
/* End PBXFrameworksBuildPhase section */

/* Begin PBXGroup section */
		4B07B6CE1B6083BD00533C3F /* WKInterface Extensions */ = {
			isa = PBXGroup;
			children = (
				4B07B6CF1B6083D000533C3F /* WKInterfaceControllerExtension.swift */,
			);
			path = "WKInterface Extensions";
			sourceTree = "<group>";
		};
		4B0D8CA71B56664B00100165 = {
			isa = PBXGroup;
			children = (
				4B0D8CB21B56664B00100165 /* Turbo Memo */,
				4BF2412A1B58D1B900DE85F7 /* Turbo Memo Watch */,
				4BF241391B58D1B900DE85F7 /* Turbo Memo Watch Extension */,
				4BF241521B592D1B00DE85F7 /* Foundation Extensions */,
				4B7F5BCC1B5DD4AE00ADBFBB /* Shared */,
				4B0D8CB11B56664B00100165 /* Products */,
			);
			indentWidth = 2;
			sourceTree = "<group>";
			tabWidth = 2;
		};
		4B0D8CB11B56664B00100165 /* Products */ = {
			isa = PBXGroup;
			children = (
				4B0D8CB01B56664B00100165 /* Turbo Memo.app */,
				4BF241291B58D1B900DE85F7 /* Turbo Memo Watch.app */,
				4BF241351B58D1B900DE85F7 /* Turbo Memo Watch Extension.appex */,
			);
			name = Products;
			sourceTree = "<group>";
		};
		4B0D8CB21B56664B00100165 /* Turbo Memo */ = {
			isa = PBXGroup;
			children = (
				4B0D8CB31B56664B00100165 /* AppDelegate.swift */,
				4B0D8CB51B56664B00100165 /* MemosViewController.swift */,
				4B0D8CD51B58915B00100165 /* AudioViewController.swift */,
				4B0D8CB71B56664B00100165 /* Main.storyboard */,
				4B0D8CBA1B56664B00100165 /* Assets.xcassets */,
				4B0D8CBC1B56664B00100165 /* LaunchScreen.storyboard */,
				4B0D8CBF1B56664B00100165 /* Info.plist */,
				61EB135B1B57EC69008F1B77 /* UIKit Extensions */,
				4B0D8CCC1B5757D100100165 /* Custom Views */,
			);
			path = "Turbo Memo";
			sourceTree = "<group>";
		};
		4B0D8CCC1B5757D100100165 /* Custom Views */ = {
			isa = PBXGroup;
			children = (
				4B0D8CCD1B5757E100100165 /* MemoCell.swift */,
				4B0D8CD71B58AD2000100165 /* CircleButton.swift */,
			);
			path = "Custom Views";
			sourceTree = "<group>";
		};
		4B7F5BCC1B5DD4AE00ADBFBB /* Shared */ = {
			isa = PBXGroup;
			children = (
				4BB1DAC61B633CA1000B9EDC /* MemoFileNameHelper.swift */,
				4B7F5BCE1B5DD52500ADBFBB /* MemoModels.swift */,
				4B7F5BCF1B5DD52500ADBFBB /* MemoStore.swift */,
			);
			path = Shared;
			sourceTree = "<group>";
		};
		4BF2412A1B58D1B900DE85F7 /* Turbo Memo Watch */ = {
			isa = PBXGroup;
			children = (
				E2F685591D0C3104004DBCD5 /* Turbo Memo Watch.entitlements */,
				4BF2412B1B58D1B900DE85F7 /* Interface.storyboard */,
				4BF2412E1B58D1B900DE85F7 /* Assets.xcassets */,
				4BF241301B58D1B900DE85F7 /* Info.plist */,
			);
			path = "Turbo Memo Watch";
			sourceTree = "<group>";
		};
		4BF241391B58D1B900DE85F7 /* Turbo Memo Watch Extension */ = {
			isa = PBXGroup;
			children = (
				4BF2413C1B58D1B900DE85F7 /* ExtensionDelegate.swift */,
				4BF2413A1B58D1B900DE85F7 /* InterfaceController.swift */,
				61C06BF31BB979E2000E56B7 /* AudioPlayerInterfaceController.swift */,
				4BF2414C1B58D2E400DE85F7 /* MemoRowController.swift */,
				4B07B6CE1B6083BD00533C3F /* WKInterface Extensions */,
				4BF2413E1B58D1B900DE85F7 /* Assets.xcassets */,
				4BF241401B58D1B900DE85F7 /* Info.plist */,
			);
			path = "Turbo Memo Watch Extension";
			sourceTree = "<group>";
		};
		4BF241521B592D1B00DE85F7 /* Foundation Extensions */ = {
			isa = PBXGroup;
			children = (
				4BF241531B592D1B00DE85F7 /* NSFileManagerExtension.swift */,
			);
			path = "Foundation Extensions";
			sourceTree = "<group>";
		};
		61EB135B1B57EC69008F1B77 /* UIKit Extensions */ = {
			isa = PBXGroup;
			children = (
				61EB135C1B57EC91008F1B77 /* UIColorExtension.swift */,
			);
			path = "UIKit Extensions";
			sourceTree = "<group>";
		};
/* End PBXGroup section */

/* Begin PBXNativeTarget section */
		4B0D8CAF1B56664B00100165 /* Turbo Memo */ = {
			isa = PBXNativeTarget;
			buildConfigurationList = 4B0D8CC21B56664B00100165 /* Build configuration list for PBXNativeTarget "Turbo Memo" */;
			buildPhases = (
				4B0D8CAC1B56664B00100165 /* Sources */,
				4B0D8CAD1B56664B00100165 /* Frameworks */,
				4B0D8CAE1B56664B00100165 /* Resources */,
				4BF2414B1B58D1B900DE85F7 /* Embed Watch Content */,
			);
			buildRules = (
			);
			dependencies = (
				4BF241421B58D1B900DE85F7 /* PBXTargetDependency */,
			);
			name = "Turbo Memo";
			productName = "Turbo Memo";
			productReference = 4B0D8CB01B56664B00100165 /* Turbo Memo.app */;
			productType = "com.apple.product-type.application";
		};
		4BF241281B58D1B900DE85F7 /* Turbo Memo Watch */ = {
			isa = PBXNativeTarget;
			buildConfigurationList = 4BF2414A1B58D1B900DE85F7 /* Build configuration list for PBXNativeTarget "Turbo Memo Watch" */;
			buildPhases = (
				4BF241271B58D1B900DE85F7 /* Resources */,
				4BF241491B58D1B900DE85F7 /* Embed App Extensions */,
			);
			buildRules = (
			);
			dependencies = (
				4BF241381B58D1B900DE85F7 /* PBXTargetDependency */,
			);
			name = "Turbo Memo Watch";
			productName = "Turbo Memo Watch";
			productReference = 4BF241291B58D1B900DE85F7 /* Turbo Memo Watch.app */;
			productType = "com.apple.product-type.application.watchapp2";
		};
		4BF241341B58D1B900DE85F7 /* Turbo Memo Watch Extension */ = {
			isa = PBXNativeTarget;
			buildConfigurationList = 4BF241481B58D1B900DE85F7 /* Build configuration list for PBXNativeTarget "Turbo Memo Watch Extension" */;
			buildPhases = (
				4BF241311B58D1B900DE85F7 /* Sources */,
				4BF241321B58D1B900DE85F7 /* Frameworks */,
				4BF241331B58D1B900DE85F7 /* Resources */,
			);
			buildRules = (
			);
			dependencies = (
			);
			name = "Turbo Memo Watch Extension";
			productName = "Turbo Memo Watch Extension";
			productReference = 4BF241351B58D1B900DE85F7 /* Turbo Memo Watch Extension.appex */;
			productType = "com.apple.product-type.watchkit2-extension";
		};
/* End PBXNativeTarget section */

/* Begin PBXProject section */
		4B0D8CA81B56664B00100165 /* Project object */ = {
			isa = PBXProject;
			attributes = {
				LastSwiftUpdateCheck = 0700;
				LastUpgradeCheck = 0700;
				ORGANIZATIONNAME = www.razeware.com;
				TargetAttributes = {
					4B0D8CAF1B56664B00100165 = {
						CreatedOnToolsVersion = 7.0;
						DevelopmentTeam = DG9E3T36HM;
					};
					4BF241281B58D1B900DE85F7 = {
						CreatedOnToolsVersion = 7.0;
						DevelopmentTeam = DG9E3T36HM;
						SystemCapabilities = {
							com.apple.ApplicationGroups.iOS = {
								enabled = 1;
							};
						};
					};
					4BF241341B58D1B900DE85F7 = {
						CreatedOnToolsVersion = 7.0;
						DevelopmentTeam = DG9E3T36HM;
						SystemCapabilities = {
							com.apple.ApplicationGroups.iOS = {
								enabled = 0;
							};
						};
					};
				};
			};
			buildConfigurationList = 4B0D8CAB1B56664B00100165 /* Build configuration list for PBXProject "Turbo Memo" */;
			compatibilityVersion = "Xcode 3.2";
			developmentRegion = English;
			hasScannedForEncodings = 0;
			knownRegions = (
				en,
				Base,
			);
			mainGroup = 4B0D8CA71B56664B00100165;
			productRefGroup = 4B0D8CB11B56664B00100165 /* Products */;
			projectDirPath = "";
			projectRoot = "";
			targets = (
				4B0D8CAF1B56664B00100165 /* Turbo Memo */,
				4BF241281B58D1B900DE85F7 /* Turbo Memo Watch */,
				4BF241341B58D1B900DE85F7 /* Turbo Memo Watch Extension */,
			);
		};
/* End PBXProject section */

/* Begin PBXResourcesBuildPhase section */
		4B0D8CAE1B56664B00100165 /* Resources */ = {
			isa = PBXResourcesBuildPhase;
			buildActionMask = 2147483647;
			files = (
				4B0D8CBE1B56664B00100165 /* LaunchScreen.storyboard in Resources */,
				4B0D8CBB1B56664B00100165 /* Assets.xcassets in Resources */,
				4B0D8CB91B56664B00100165 /* Main.storyboard in Resources */,
			);
			runOnlyForDeploymentPostprocessing = 0;
		};
		4BF241271B58D1B900DE85F7 /* Resources */ = {
			isa = PBXResourcesBuildPhase;
			buildActionMask = 2147483647;
			files = (
				4BF2412F1B58D1B900DE85F7 /* Assets.xcassets in Resources */,
				4BF2412D1B58D1B900DE85F7 /* Interface.storyboard in Resources */,
			);
			runOnlyForDeploymentPostprocessing = 0;
		};
		4BF241331B58D1B900DE85F7 /* Resources */ = {
			isa = PBXResourcesBuildPhase;
			buildActionMask = 2147483647;
			files = (
				4BF2413F1B58D1B900DE85F7 /* Assets.xcassets in Resources */,
			);
			runOnlyForDeploymentPostprocessing = 0;
		};
/* End PBXResourcesBuildPhase section */

/* Begin PBXSourcesBuildPhase section */
		4B0D8CAC1B56664B00100165 /* Sources */ = {
			isa = PBXSourcesBuildPhase;
			buildActionMask = 2147483647;
			files = (
				4B0D8CD61B58915B00100165 /* AudioViewController.swift in Sources */,
				4B7F5BD21B5DD52500ADBFBB /* MemoModels.swift in Sources */,
				4B0D8CD81B58AD2000100165 /* CircleButton.swift in Sources */,
				4B0D8CB61B56664B00100165 /* MemosViewController.swift in Sources */,
				4B0D8CB41B56664B00100165 /* AppDelegate.swift in Sources */,
				61EB135D1B57EC91008F1B77 /* UIColorExtension.swift in Sources */,
				4BF241541B592D1B00DE85F7 /* NSFileManagerExtension.swift in Sources */,
				4B7F5BD41B5DD52500ADBFBB /* MemoStore.swift in Sources */,
				4BB1DAC71B633CA1000B9EDC /* MemoFileNameHelper.swift in Sources */,
				4B0D8CCE1B5757E100100165 /* MemoCell.swift in Sources */,
			);
			runOnlyForDeploymentPostprocessing = 0;
		};
		4BF241311B58D1B900DE85F7 /* Sources */ = {
			isa = PBXSourcesBuildPhase;
			buildActionMask = 2147483647;
			files = (
				61C06BF41BB979E2000E56B7 /* AudioPlayerInterfaceController.swift in Sources */,
				4BB1DAC81B633CA1000B9EDC /* MemoFileNameHelper.swift in Sources */,
				4B7F5BD51B5DD52500ADBFBB /* MemoStore.swift in Sources */,
				4BF241551B592D1B00DE85F7 /* NSFileManagerExtension.swift in Sources */,
				4B07B6D01B6083D000533C3F /* WKInterfaceControllerExtension.swift in Sources */,
				4BF2413D1B58D1B900DE85F7 /* ExtensionDelegate.swift in Sources */,
				4B7F5BD31B5DD52500ADBFBB /* MemoModels.swift in Sources */,
				4BF2414D1B58D2E400DE85F7 /* MemoRowController.swift in Sources */,
				4BF2413B1B58D1B900DE85F7 /* InterfaceController.swift in Sources */,
			);
			runOnlyForDeploymentPostprocessing = 0;
		};
/* End PBXSourcesBuildPhase section */

/* Begin PBXTargetDependency section */
		4BF241381B58D1B900DE85F7 /* PBXTargetDependency */ = {
			isa = PBXTargetDependency;
			target = 4BF241341B58D1B900DE85F7 /* Turbo Memo Watch Extension */;
			targetProxy = 4BF241371B58D1B900DE85F7 /* PBXContainerItemProxy */;
		};
		4BF241421B58D1B900DE85F7 /* PBXTargetDependency */ = {
			isa = PBXTargetDependency;
			target = 4BF241281B58D1B900DE85F7 /* Turbo Memo Watch */;
			targetProxy = 4BF241411B58D1B900DE85F7 /* PBXContainerItemProxy */;
		};
/* End PBXTargetDependency section */

/* Begin PBXVariantGroup section */
		4B0D8CB71B56664B00100165 /* Main.storyboard */ = {
			isa = PBXVariantGroup;
			children = (
				4B0D8CB81B56664B00100165 /* Base */,
			);
			name = Main.storyboard;
			sourceTree = "<group>";
		};
		4B0D8CBC1B56664B00100165 /* LaunchScreen.storyboard */ = {
			isa = PBXVariantGroup;
			children = (
				4B0D8CBD1B56664B00100165 /* Base */,
			);
			name = LaunchScreen.storyboard;
			sourceTree = "<group>";
		};
		4BF2412B1B58D1B900DE85F7 /* Interface.storyboard */ = {
			isa = PBXVariantGroup;
			children = (
				4BF2412C1B58D1B900DE85F7 /* Base */,
			);
			name = Interface.storyboard;
			sourceTree = "<group>";
		};
/* End PBXVariantGroup section */

/* Begin XCBuildConfiguration section */
		4B0D8CC01B56664B00100165 /* Debug */ = {
			isa = XCBuildConfiguration;
			buildSettings = {
				ALWAYS_SEARCH_USER_PATHS = NO;
				CLANG_CXX_LANGUAGE_STANDARD = "gnu++0x";
				CLANG_CXX_LIBRARY = "libc++";
				CLANG_ENABLE_MODULES = YES;
				CLANG_ENABLE_OBJC_ARC = YES;
				CLANG_WARN_BOOL_CONVERSION = YES;
				CLANG_WARN_CONSTANT_CONVERSION = YES;
				CLANG_WARN_DIRECT_OBJC_ISA_USAGE = YES_ERROR;
				CLANG_WARN_EMPTY_BODY = YES;
				CLANG_WARN_ENUM_CONVERSION = YES;
				CLANG_WARN_INT_CONVERSION = YES;
				CLANG_WARN_OBJC_ROOT_CLASS = YES_ERROR;
				CLANG_WARN_UNREACHABLE_CODE = YES;
				CLANG_WARN__DUPLICATE_METHOD_MATCH = YES;
				CODE_SIGN_IDENTITY = "iPhone Developer";
				COPY_PHASE_STRIP = NO;
				DEBUG_INFORMATION_FORMAT = dwarf;
				ENABLE_STRICT_OBJC_MSGSEND = YES;
				ENABLE_TESTABILITY = YES;
				GCC_C_LANGUAGE_STANDARD = gnu99;
				GCC_DYNAMIC_NO_PIC = NO;
				GCC_NO_COMMON_BLOCKS = YES;
				GCC_OPTIMIZATION_LEVEL = 0;
				GCC_PREPROCESSOR_DEFINITIONS = (
					"DEBUG=1",
					"$(inherited)",
				);
				GCC_WARN_64_TO_32_BIT_CONVERSION = YES;
				GCC_WARN_ABOUT_RETURN_TYPE = YES_ERROR;
				GCC_WARN_UNDECLARED_SELECTOR = YES;
				GCC_WARN_UNINITIALIZED_AUTOS = YES_AGGRESSIVE;
				GCC_WARN_UNUSED_FUNCTION = YES;
				GCC_WARN_UNUSED_VARIABLE = YES;
				IPHONEOS_DEPLOYMENT_TARGET = 9.0;
				MTL_ENABLE_DEBUG_INFO = YES;
				ONLY_ACTIVE_ARCH = YES;
				SDKROOT = iphoneos;
				SWIFT_OPTIMIZATION_LEVEL = "-Onone";
				TARGETED_DEVICE_FAMILY = "1,2";
				W2T_BUNDLE_PREFIX = com.gmail;
			};
			name = Debug;
		};
		4B0D8CC11B56664B00100165 /* Release */ = {
			isa = XCBuildConfiguration;
			buildSettings = {
				ALWAYS_SEARCH_USER_PATHS = NO;
				CLANG_CXX_LANGUAGE_STANDARD = "gnu++0x";
				CLANG_CXX_LIBRARY = "libc++";
				CLANG_ENABLE_MODULES = YES;
				CLANG_ENABLE_OBJC_ARC = YES;
				CLANG_WARN_BOOL_CONVERSION = YES;
				CLANG_WARN_CONSTANT_CONVERSION = YES;
				CLANG_WARN_DIRECT_OBJC_ISA_USAGE = YES_ERROR;
				CLANG_WARN_EMPTY_BODY = YES;
				CLANG_WARN_ENUM_CONVERSION = YES;
				CLANG_WARN_INT_CONVERSION = YES;
				CLANG_WARN_OBJC_ROOT_CLASS = YES_ERROR;
				CLANG_WARN_UNREACHABLE_CODE = YES;
				CLANG_WARN__DUPLICATE_METHOD_MATCH = YES;
				CODE_SIGN_IDENTITY = "iPhone Distribution";
				COPY_PHASE_STRIP = NO;
				DEBUG_INFORMATION_FORMAT = "dwarf-with-dsym";
				ENABLE_NS_ASSERTIONS = NO;
				ENABLE_STRICT_OBJC_MSGSEND = YES;
				GCC_C_LANGUAGE_STANDARD = gnu99;
				GCC_NO_COMMON_BLOCKS = YES;
				GCC_WARN_64_TO_32_BIT_CONVERSION = YES;
				GCC_WARN_ABOUT_RETURN_TYPE = YES_ERROR;
				GCC_WARN_UNDECLARED_SELECTOR = YES;
				GCC_WARN_UNINITIALIZED_AUTOS = YES_AGGRESSIVE;
				GCC_WARN_UNUSED_FUNCTION = YES;
				GCC_WARN_UNUSED_VARIABLE = YES;
				IPHONEOS_DEPLOYMENT_TARGET = 9.0;
				MTL_ENABLE_DEBUG_INFO = NO;
				SDKROOT = iphoneos;
				TARGETED_DEVICE_FAMILY = "1,2";
				VALIDATE_PRODUCT = YES;
				W2T_BUNDLE_PREFIX = com.gmail;
			};
			name = Release;
		};
		4B0D8CC31B56664B00100165 /* Debug */ = {
			isa = XCBuildConfiguration;
			buildSettings = {
				ASSETCATALOG_COMPILER_APPICON_NAME = AppIcon;
				CODE_SIGN_IDENTITY = "iPhone Developer";
				"CODE_SIGN_IDENTITY[sdk=iphoneos*]" = "iPhone Developer";
				INFOPLIST_FILE = "Turbo Memo/Info.plist";
				LD_RUNPATH_SEARCH_PATHS = "$(inherited) @executable_path/Frameworks";
				PRODUCT_BUNDLE_IDENTIFIER = "$(W2T_BUNDLE_PREFIX).Turbo-Memo";
				PRODUCT_NAME = "$(TARGET_NAME)";
				PROVISIONING_PROFILE = "";
			};
			name = Debug;
		};
		4B0D8CC41B56664B00100165 /* Release */ = {
			isa = XCBuildConfiguration;
			buildSettings = {
				ASSETCATALOG_COMPILER_APPICON_NAME = AppIcon;
				CODE_SIGN_IDENTITY = "iPhone Developer";
				"CODE_SIGN_IDENTITY[sdk=iphoneos*]" = "iPhone Developer";
				INFOPLIST_FILE = "Turbo Memo/Info.plist";
				LD_RUNPATH_SEARCH_PATHS = "$(inherited) @executable_path/Frameworks";
				PRODUCT_BUNDLE_IDENTIFIER = "$(W2T_BUNDLE_PREFIX).Turbo-Memo";
				PRODUCT_NAME = "$(TARGET_NAME)";
				PROVISIONING_PROFILE = "";
			};
			name = Release;
		};
		4BF241441B58D1B900DE85F7 /* Debug */ = {
			isa = XCBuildConfiguration;
			buildSettings = {
				ASSETCATALOG_COMPILER_APPICON_NAME = AppIcon;
				CODE_SIGN_ENTITLEMENTS = "Turbo Memo Watch/Turbo Memo Watch.entitlements";
				CODE_SIGN_IDENTITY = "iPhone Developer";
				"CODE_SIGN_IDENTITY[sdk=watchos*]" = "iPhone Developer";
				EMBEDDED_CONTENT_CONTAINS_SWIFT = YES;
				IBSC_MODULE = Turbo_Memo_Watch_Extension;
				INFOPLIST_FILE = "Turbo Memo Watch/Info.plist";
				PRODUCT_BUNDLE_IDENTIFIER = "$(W2T_BUNDLE_PREFIX).Turbo-Memo.watchkitapp";
				PRODUCT_NAME = "$(TARGET_NAME)";
				PROVISIONING_PROFILE = "";
				SDKROOT = watchos;
				SKIP_INSTALL = YES;
				TARGETED_DEVICE_FAMILY = 4;
				WATCHOS_DEPLOYMENT_TARGET = 2.0;
			};
			name = Debug;
		};
		4BF241451B58D1B900DE85F7 /* Release */ = {
			isa = XCBuildConfiguration;
			buildSettings = {
				ASSETCATALOG_COMPILER_APPICON_NAME = AppIcon;
				CODE_SIGN_ENTITLEMENTS = "Turbo Memo Watch/Turbo Memo Watch.entitlements";
				CODE_SIGN_IDENTITY = "iPhone Developer";
				"CODE_SIGN_IDENTITY[sdk=watchos*]" = "iPhone Developer";
				EMBEDDED_CONTENT_CONTAINS_SWIFT = YES;
				IBSC_MODULE = Turbo_Memo_Watch_Extension;
				INFOPLIST_FILE = "Turbo Memo Watch/Info.plist";
				PRODUCT_BUNDLE_IDENTIFIER = "$(W2T_BUNDLE_PREFIX).Turbo-Memo.watchkitapp";
				PRODUCT_NAME = "$(TARGET_NAME)";
				PROVISIONING_PROFILE = "";
				SDKROOT = watchos;
				SKIP_INSTALL = YES;
				TARGETED_DEVICE_FAMILY = 4;
				WATCHOS_DEPLOYMENT_TARGET = 2.0;
			};
			name = Release;
		};
		4BF241461B58D1B900DE85F7 /* Debug */ = {
			isa = XCBuildConfiguration;
			buildSettings = {
				CODE_SIGN_IDENTITY = "iPhone Developer";
				INFOPLIST_FILE = "Turbo Memo Watch Extension/Info.plist";
				LD_RUNPATH_SEARCH_PATHS = "$(inherited) @executable_path/Frameworks @executable_path/../../Frameworks";
				PRODUCT_BUNDLE_IDENTIFIER = "$(W2T_BUNDLE_PREFIX).Turbo-Memo.watchkitapp.watchkitextension";
				PRODUCT_NAME = "${TARGET_NAME}";
				SDKROOT = watchos;
				SKIP_INSTALL = YES;
				TARGETED_DEVICE_FAMILY = 4;
				WATCHOS_DEPLOYMENT_TARGET = 2.0;
			};
			name = Debug;
		};
		4BF241471B58D1B900DE85F7 /* Release */ = {
			isa = XCBuildConfiguration;
			buildSettings = {
				CODE_SIGN_IDENTITY = "iPhone Developer";
				INFOPLIST_FILE = "Turbo Memo Watch Extension/Info.plist";
				LD_RUNPATH_SEARCH_PATHS = "$(inherited) @executable_path/Frameworks @executable_path/../../Frameworks";
				PRODUCT_BUNDLE_IDENTIFIER = "$(W2T_BUNDLE_PREFIX).Turbo-Memo.watchkitapp.watchkitextension";
				PRODUCT_NAME = "${TARGET_NAME}";
				SDKROOT = watchos;
				SKIP_INSTALL = YES;
				TARGETED_DEVICE_FAMILY = 4;
				WATCHOS_DEPLOYMENT_TARGET = 2.0;
			};
			name = Release;
		};
/* End XCBuildConfiguration section */

/* Begin XCConfigurationList section */
		4B0D8CAB1B56664B00100165 /* Build configuration list for PBXProject "Turbo Memo" */ = {
			isa = XCConfigurationList;
			buildConfigurations = (
				4B0D8CC01B56664B00100165 /* Debug */,
				4B0D8CC11B56664B00100165 /* Release */,
			);
			defaultConfigurationIsVisible = 0;
			defaultConfigurationName = Release;
		};
		4B0D8CC21B56664B00100165 /* Build configuration list for PBXNativeTarget "Turbo Memo" */ = {
			isa = XCConfigurationList;
			buildConfigurations = (
				4B0D8CC31B56664B00100165 /* Debug */,
				4B0D8CC41B56664B00100165 /* Release */,
			);
			defaultConfigurationIsVisible = 0;
			defaultConfigurationName = Release;
		};
		4BF241481B58D1B900DE85F7 /* Build configuration list for PBXNativeTarget "Turbo Memo Watch Extension" */ = {
			isa = XCConfigurationList;
			buildConfigurations = (
				4BF241461B58D1B900DE85F7 /* Debug */,
				4BF241471B58D1B900DE85F7 /* Release */,
			);
			defaultConfigurationIsVisible = 0;
			defaultConfigurationName = Release;
		};
		4BF2414A1B58D1B900DE85F7 /* Build configuration list for PBXNativeTarget "Turbo Memo Watch" */ = {
			isa = XCConfigurationList;
			buildConfigurations = (
				4BF241441B58D1B900DE85F7 /* Debug */,
				4BF241451B58D1B900DE85F7 /* Release */,
			);
			defaultConfigurationIsVisible = 0;
			defaultConfigurationName = Release;
		};
/* End XCConfigurationList section */
	};
	rootObject = 4B0D8CA81B56664B00100165 /* Project object */;
}
